{
  "name": "@kynikos/misc",
  "version": "1.0.0",
  "lockfileVersion": 1,
  "requires": true,
  "dependencies": {
    "bootstrap": {
      "version": "4.0.0",
      "resolved": "https://registry.npmjs.org/bootstrap/-/bootstrap-4.0.0.tgz",
      "integrity": "sha512-gulJE5dGFo6Q61V/whS6VM4WIyrlydXfCgkE+Gxe5hjrJ8rXLLZlALq7zq2RPhOc45PSwQpJkrTnc2KgD6cvmA=="
    },
    "bootstrap-datepicker": {
      "version": "1.7.1",
      "resolved": "https://registry.npmjs.org/bootstrap-datepicker/-/bootstrap-datepicker-1.7.1.tgz",
      "integrity": "sha1-Tuf680iI2+x4NPv52+fEJ34B3a8=",
      "requires": {
        "jquery": "3.3.1"
      }
    },
    "bootstrap-table": {
      "version": "1.11.2",
      "resolved": "https://registry.npmjs.org/bootstrap-table/-/bootstrap-table-1.11.2.tgz",
      "integrity": "sha1-X1+EFMl9laQOVtPTZFI9pDKzwLE="
    },
    "browser-split": {
      "version": "0.0.0",
      "resolved": "https://registry.npmjs.org/browser-split/-/browser-split-0.0.0.tgz",
      "integrity": "sha1-QUGcrvdpdVkp3VGJZ9PuwKYmJ3E="
    },
    "class-list": {
      "version": "0.1.1",
      "resolved": "https://registry.npmjs.org/class-list/-/class-list-0.1.1.tgz",
      "integrity": "sha1-m5dFGSxBebXaCg12M2WOPHDXlss=",
      "requires": {
        "indexof": "0.0.1"
      }
    },
    "html-element": {
      "version": "2.2.0",
      "resolved": "https://registry.npmjs.org/html-element/-/html-element-2.2.0.tgz",
      "integrity": "sha1-w8H/iMJh23TQr2OR7vkMNG+QBzA=",
      "requires": {
        "class-list": "0.1.1"
      }
    },
    "hyperscript": {
      "version": "2.0.2",
      "resolved": "https://registry.npmjs.org/hyperscript/-/hyperscript-2.0.2.tgz",
      "integrity": "sha1-ODnLpFVUvf4nu4HCFC0WhPgTWvU=",
      "requires": {
        "browser-split": "0.0.0",
        "class-list": "0.1.1",
        "html-element": "2.2.0"
      }
    },
    "hyperscript-helpers": {
      "version": "3.0.3",
      "resolved": "https://registry.npmjs.org/hyperscript-helpers/-/hyperscript-helpers-3.0.3.tgz",
      "integrity": "sha1-WDrEUhTJ6oEJkf65e9s3/D0Soeg="
    },
    "indexof": {
      "version": "0.0.1",
      "resolved": "https://registry.npmjs.org/indexof/-/indexof-0.0.1.tgz",
      "integrity": "sha1-gtwzbSMrkGIXnQWrMpOmYFn9Q10="
    },
    "jquery": {
      "version": "3.3.1",
      "resolved": "https://registry.npmjs.org/jquery/-/jquery-3.3.1.tgz",
      "integrity": "sha512-Ubldcmxp5np52/ENotGxlLe6aGMvmF4R8S6tZjsP6Knsaxd/xp3Zrh50cG93lR6nPXyUFwzN3ZSOQI0wRJNdGg=="
    },
    "jquery-ui-browserify": {
      "version": "1.11.0-pre-seelio",
      "resolved": "https://registry.npmjs.org/jquery-ui-browserify/-/jquery-ui-browserify-1.11.0pre-seelio.tgz",
      "integrity": "sha1-+tWxbQ6QVQ25cl//ZhvaqUFQWP4="
    },
    "jquery.tabulator": {
      "version": "3.3.3",
      "resolved": "https://registry.npmjs.org/jquery.tabulator/-/jquery.tabulator-3.3.3.tgz",
      "integrity": "sha1-rrkfza4xDT85boBTgbX3+KFY7sI="
    },
    "papaparse": {
      "version": "4.3.6",
      "resolved": "https://registry.npmjs.org/papaparse/-/papaparse-4.3.6.tgz",
      "integrity": "sha1-lWbtoOyrE6/LdApiOBxpn0hssUU="
    }
  }
}
